
Microsoft Visual Studio Solution File, Format Version 12.00
# Visual Studio Version 16
VisualStudioVersion = 16.0.28606.126
MinimumVisualStudioVersion = 10.0.40219.1
Project("{2150E333-8FDC-42A3-9474-1A3956D46DE8}") = "tests", "tests", "{6E6A8AA4-CAD6-47F4-B4AD-767E62854548}"
EndProject
Project("{2150E333-8FDC-42A3-9474-1A3956D46DE8}") = "source", "source", "{AB12F426-C62D-40D7-958C-F39E9915BCDB}"
EndProject
Project("{FAE04EC0-301F-11D3-BF4B-00C04F79EFBC}") = "Aarxercise.Binding.AndroidX", "tests\Aarxercise.Binding.AndroidX\Aarxercise.Binding.AndroidX.csproj", "{A387F7E5-9BD1-40F7-A748-96BF84702F3B}"
EndProject
Project("{FAE04EC0-301F-11D3-BF4B-00C04F79EFBC}") = "Aarxercise.Binding.Support", "tests\Aarxercise.Binding.Support\Aarxercise.Binding.Support.csproj", "{2E8C42AD-1DF4-489A-96E3-9671432D1AE4}"
EndProject
Project("{FAE04EC0-301F-11D3-BF4B-00C04F79EFBC}") = "Aarxercise.Managed.AndroidX", "tests\Aarxercise.Managed.AndroidX\Aarxercise.Managed.AndroidX.csproj", "{575ABA0A-7B38-4E3A-B3DA-E245164887BA}"
EndProject
Project("{FAE04EC0-301F-11D3-BF4B-00C04F79EFBC}") = "Aarxercise.Managed.Support", "tests\Aarxercise.Managed.Support\Aarxercise.Managed.Support.csproj", "{3EE93671-9B98-4B5B-925F-4629D3946100}"
EndProject
Project("{FAE04EC0-301F-11D3-BF4B-00C04F79EFBC}") = "Xamarin.AndroidX.Migration.Tests", "tests\Xamarin.AndroidX.Migration.Tests\Xamarin.AndroidX.Migration.Tests.csproj", "{10832A33-2961-4B0D-8977-7BE49B391F16}"
EndProject
Project("{FAE04EC0-301F-11D3-BF4B-00C04F79EFBC}") = "Xamarin.AndroidX.Migration", "source\Xamarin.AndroidX.Migration\Xamarin.AndroidX.Migration.csproj", "{F22FB2D5-8920-4C8F-9807-0D1E13A16742}"
EndProject
Project("{FAE04EC0-301F-11D3-BF4B-00C04F79EFBC}") = "androidx-migrator", "source\androidx-migrator\androidx-migrator.csproj", "{C110FCE9-90B5-4CD8-93F3-20F1E3F9D1A9}"
EndProject
Project("{9A19103F-16F7-4668-BE54-9A1E7A4F7556}") = "Xamarin.AndroidX.Cecilfier", "source\Xamarin.AndroidX.Cecilfier\Xamarin.AndroidX.Cecilfier.csproj", "{E08BF419-069D-4177-9035-CFB25889F5B9}"
EndProject
Project("{2150E333-8FDC-42A3-9474-1A3956D46DE8}") = "externals", "externals", "{F422DC0C-A441-47E9-ABAE-24D7ED879C85}"
EndProject
Project("{FAE04EC0-301F-11D3-BF4B-00C04F79EFBC}") = "Xamarin.Android.Tools.Bytecode", "externals\Java.Interop\src\Xamarin.Android.Tools.Bytecode\Xamarin.Android.Tools.Bytecode.csproj", "{B17475BC-45A2-47A3-B8FC-62F3A0959EE0}"
EndProject
Project("{FAE04EC0-301F-11D3-BF4B-00C04F79EFBC}") = "Xamarin.AndroidX.Migration.BuildTasks", "source\Xamarin.AndroidX.Migration.BuildTasks\Xamarin.AndroidX.Migration.BuildTasks.csproj", "{C6EBD819-D99B-4F21-8D8D-EA0C26B0E67E}"
EndProject
Project("{9A19103F-16F7-4668-BE54-9A1E7A4F7556}") = "Xamarin.AndroidX.Data", "source\Xamarin.AndroidX.Data\Xamarin.AndroidX.Data.csproj", "{798CA1B3-11D6-4F21-B9F1-2D981DDB8D3F}"
EndProject
Project("{9A19103F-16F7-4668-BE54-9A1E7A4F7556}") = "Xamarin.AndroidX.Mapper", "source\Xamarin.AndroidX.Mapper\Xamarin.AndroidX.Mapper.csproj", "{E3AFD520-57D9-4313-AF03-634B0D434470}"
EndProject
Global
	GlobalSection(SolutionConfigurationPlatforms) = preSolution
		Debug|Any CPU = Debug|Any CPU
		Release|Any CPU = Release|Any CPU
	EndGlobalSection
	GlobalSection(ProjectConfigurationPlatforms) = postSolution
		{A387F7E5-9BD1-40F7-A748-96BF84702F3B}.Debug|Any CPU.ActiveCfg = Debug|Any CPU
		{A387F7E5-9BD1-40F7-A748-96BF84702F3B}.Debug|Any CPU.Build.0 = Debug|Any CPU
		{A387F7E5-9BD1-40F7-A748-96BF84702F3B}.Release|Any CPU.ActiveCfg = Release|Any CPU
		{A387F7E5-9BD1-40F7-A748-96BF84702F3B}.Release|Any CPU.Build.0 = Release|Any CPU
		{2E8C42AD-1DF4-489A-96E3-9671432D1AE4}.Debug|Any CPU.ActiveCfg = Debug|Any CPU
		{2E8C42AD-1DF4-489A-96E3-9671432D1AE4}.Debug|Any CPU.Build.0 = Debug|Any CPU
		{2E8C42AD-1DF4-489A-96E3-9671432D1AE4}.Release|Any CPU.ActiveCfg = Release|Any CPU
		{2E8C42AD-1DF4-489A-96E3-9671432D1AE4}.Release|Any CPU.Build.0 = Release|Any CPU
		{575ABA0A-7B38-4E3A-B3DA-E245164887BA}.Debug|Any CPU.ActiveCfg = Debug|Any CPU
		{575ABA0A-7B38-4E3A-B3DA-E245164887BA}.Debug|Any CPU.Build.0 = Debug|Any CPU
		{575ABA0A-7B38-4E3A-B3DA-E245164887BA}.Release|Any CPU.ActiveCfg = Release|Any CPU
		{575ABA0A-7B38-4E3A-B3DA-E245164887BA}.Release|Any CPU.Build.0 = Release|Any CPU
		{3EE93671-9B98-4B5B-925F-4629D3946100}.Debug|Any CPU.ActiveCfg = Debug|Any CPU
		{3EE93671-9B98-4B5B-925F-4629D3946100}.Debug|Any CPU.Build.0 = Debug|Any CPU
		{3EE93671-9B98-4B5B-925F-4629D3946100}.Release|Any CPU.ActiveCfg = Release|Any CPU
		{3EE93671-9B98-4B5B-925F-4629D3946100}.Release|Any CPU.Build.0 = Release|Any CPU
		{10832A33-2961-4B0D-8977-7BE49B391F16}.Debug|Any CPU.ActiveCfg = Debug|Any CPU
		{10832A33-2961-4B0D-8977-7BE49B391F16}.Debug|Any CPU.Build.0 = Debug|Any CPU
		{10832A33-2961-4B0D-8977-7BE49B391F16}.Release|Any CPU.ActiveCfg = Release|Any CPU
		{10832A33-2961-4B0D-8977-7BE49B391F16}.Release|Any CPU.Build.0 = Release|Any CPU
		{F22FB2D5-8920-4C8F-9807-0D1E13A16742}.Debug|Any CPU.ActiveCfg = Debug|Any CPU
		{F22FB2D5-8920-4C8F-9807-0D1E13A16742}.Debug|Any CPU.Build.0 = Debug|Any CPU
		{F22FB2D5-8920-4C8F-9807-0D1E13A16742}.Release|Any CPU.ActiveCfg = Release|Any CPU
		{F22FB2D5-8920-4C8F-9807-0D1E13A16742}.Release|Any CPU.Build.0 = Release|Any CPU
		{C110FCE9-90B5-4CD8-93F3-20F1E3F9D1A9}.Debug|Any CPU.ActiveCfg = Debug|Any CPU
		{C110FCE9-90B5-4CD8-93F3-20F1E3F9D1A9}.Debug|Any CPU.Build.0 = Debug|Any CPU
		{C110FCE9-90B5-4CD8-93F3-20F1E3F9D1A9}.Release|Any CPU.ActiveCfg = Release|Any CPU
		{C110FCE9-90B5-4CD8-93F3-20F1E3F9D1A9}.Release|Any CPU.Build.0 = Release|Any CPU
		{E08BF419-069D-4177-9035-CFB25889F5B9}.Debug|Any CPU.ActiveCfg = Debug|Any CPU
		{E08BF419-069D-4177-9035-CFB25889F5B9}.Debug|Any CPU.Build.0 = Debug|Any CPU
		{E08BF419-069D-4177-9035-CFB25889F5B9}.Release|Any CPU.ActiveCfg = Release|Any CPU
		{E08BF419-069D-4177-9035-CFB25889F5B9}.Release|Any CPU.Build.0 = Release|Any CPU
		{B17475BC-45A2-47A3-B8FC-62F3A0959EE0}.Debug|Any CPU.ActiveCfg = Debug|Any CPU
		{B17475BC-45A2-47A3-B8FC-62F3A0959EE0}.Debug|Any CPU.Build.0 = Debug|Any CPU
		{B17475BC-45A2-47A3-B8FC-62F3A0959EE0}.Release|Any CPU.ActiveCfg = Release|Any CPU
		{B17475BC-45A2-47A3-B8FC-62F3A0959EE0}.Release|Any CPU.Build.0 = Release|Any CPU
		{C6EBD819-D99B-4F21-8D8D-EA0C26B0E67E}.Debug|Any CPU.ActiveCfg = Debug|Any CPU
		{C6EBD819-D99B-4F21-8D8D-EA0C26B0E67E}.Debug|Any CPU.Build.0 = Debug|Any CPU
		{C6EBD819-D99B-4F21-8D8D-EA0C26B0E67E}.Release|Any CPU.ActiveCfg = Release|Any CPU
		{C6EBD819-D99B-4F21-8D8D-EA0C26B0E67E}.Release|Any CPU.Build.0 = Release|Any CPU
		{798CA1B3-11D6-4F21-B9F1-2D981DDB8D3F}.Debug|Any CPU.ActiveCfg = Debug|Any CPU
		{798CA1B3-11D6-4F21-B9F1-2D981DDB8D3F}.Debug|Any CPU.Build.0 = Debug|Any CPU
		{798CA1B3-11D6-4F21-B9F1-2D981DDB8D3F}.Release|Any CPU.ActiveCfg = Release|Any CPU
		{798CA1B3-11D6-4F21-B9F1-2D981DDB8D3F}.Release|Any CPU.Build.0 = Release|Any CPU
		{E3AFD520-57D9-4313-AF03-634B0D434470}.Debug|Any CPU.ActiveCfg = Debug|Any CPU
		{E3AFD520-57D9-4313-AF03-634B0D434470}.Debug|Any CPU.Build.0 = Debug|Any CPU
		{E3AFD520-57D9-4313-AF03-634B0D434470}.Release|Any CPU.ActiveCfg = Release|Any CPU
		{E3AFD520-57D9-4313-AF03-634B0D434470}.Release|Any CPU.Build.0 = Release|Any CPU
	EndGlobalSection
	GlobalSection(SolutionProperties) = preSolution
		HideSolutionNode = FALSE
	EndGlobalSection
	GlobalSection(NestedProjects) = preSolution
		{A387F7E5-9BD1-40F7-A748-96BF84702F3B} = {6E6A8AA4-CAD6-47F4-B4AD-767E62854548}
		{2E8C42AD-1DF4-489A-96E3-9671432D1AE4} = {6E6A8AA4-CAD6-47F4-B4AD-767E62854548}
		{575ABA0A-7B38-4E3A-B3DA-E245164887BA} = {6E6A8AA4-CAD6-47F4-B4AD-767E62854548}
		{3EE93671-9B98-4B5B-925F-4629D3946100} = {6E6A8AA4-CAD6-47F4-B4AD-767E62854548}
		{10832A33-2961-4B0D-8977-7BE49B391F16} = {6E6A8AA4-CAD6-47F4-B4AD-767E62854548}
		{F22FB2D5-8920-4C8F-9807-0D1E13A16742} = {AB12F426-C62D-40D7-958C-F39E9915BCDB}
		{C110FCE9-90B5-4CD8-93F3-20F1E3F9D1A9} = {AB12F426-C62D-40D7-958C-F39E9915BCDB}
		{E08BF419-069D-4177-9035-CFB25889F5B9} = {AB12F426-C62D-40D7-958C-F39E9915BCDB}
		{B17475BC-45A2-47A3-B8FC-62F3A0959EE0} = {F422DC0C-A441-47E9-ABAE-24D7ED879C85}
		{C6EBD819-D99B-4F21-8D8D-EA0C26B0E67E} = {AB12F426-C62D-40D7-958C-F39E9915BCDB}
		{798CA1B3-11D6-4F21-B9F1-2D981DDB8D3F} = {AB12F426-C62D-40D7-958C-F39E9915BCDB}
		{E3AFD520-57D9-4313-AF03-634B0D434470} = {AB12F426-C62D-40D7-958C-F39E9915BCDB}
	EndGlobalSection
	GlobalSection(ExtensibilityGlobals) = postSolution
		SolutionGuid = {8C146F1E-AE90-4D07-9920-5956E1C57719}
	EndGlobalSection
EndGlobal
