
Microsoft Visual Studio Solution File, Format Version 12.00
# Visual Studio 15
VisualStudioVersion = 15.0.27004.2009
MinimumVisualStudioVersion = 10.0.40219.1
Project("{FAE04EC0-301F-11D3-BF4B-00C04F79EFBC}") = "Xamarin.AndroidX.Cecilfier.App", "Xamarin.AndroidX.Cecilfier.App\Xamarin.AndroidX.Cecilfier.App.csproj", "{418B50A3-D223-495F-BACA-B2DDBE200B2B}"
EndProject
Project("{2150E333-8FDC-42A3-9474-1A3956D46DE8}") = "library-source", "library-source", "{2D09CA93-32BA-4AE2-845B-40659D5C2799}"
EndProject
Project("{FAE04EC0-301F-11D3-BF4B-00C04F79EFBC}") = "Xamarin.AndroidX.Cecilfier", "..\source\Xamarin.AndroidX.Cecilfier\Xamarin.AndroidX.Cecilfier.csproj", "{3A693D72-338A-42A0-931F-3644C771AB69}"
EndProject
Global
	GlobalSection(SolutionConfigurationPlatforms) = preSolution
		Debug|Any CPU = Debug|Any CPU
		Release|Any CPU = Release|Any CPU
	EndGlobalSection
	GlobalSection(ProjectConfigurationPlatforms) = postSolution
		{418B50A3-D223-495F-BACA-B2DDBE200B2B}.Debug|Any CPU.ActiveCfg = Debug|Any CPU
		{418B50A3-D223-495F-BACA-B2DDBE200B2B}.Debug|Any CPU.Build.0 = Debug|Any CPU
		{418B50A3-D223-495F-BACA-B2DDBE200B2B}.Release|Any CPU.ActiveCfg = Release|Any CPU
		{418B50A3-D223-495F-BACA-B2DDBE200B2B}.Release|Any CPU.Build.0 = Release|Any CPU
		{3A693D72-338A-42A0-931F-3644C771AB69}.Debug|Any CPU.ActiveCfg = Debug|Any CPU
		{3A693D72-338A-42A0-931F-3644C771AB69}.Debug|Any CPU.Build.0 = Debug|Any CPU
		{3A693D72-338A-42A0-931F-3644C771AB69}.Release|Any CPU.ActiveCfg = Release|Any CPU
		{3A693D72-338A-42A0-931F-3644C771AB69}.Release|Any CPU.Build.0 = Release|Any CPU
	EndGlobalSection
	GlobalSection(NestedProjects) = preSolution
		{3A693D72-338A-42A0-931F-3644C771AB69} = {2D09CA93-32BA-4AE2-845B-40659D5C2799}
	EndGlobalSection
EndGlobal
