
Microsoft Visual Studio Solution File, Format Version 12.00
# Visual Studio Version 16
VisualStudioVersion = 16.0.28606.126
MinimumVisualStudioVersion = 10.0.40219.1
Project("{FAE04EC0-301F-11D3-BF4B-00C04F79EFBC}") = "Aarxercise", "Aarxercise\Aarxercise.csproj", "{A387F7E5-9BD1-40F7-A748-96BF84702F3B}"
EndProject
Project("{FAE04EC0-301F-11D3-BF4B-00C04F79EFBC}") = "AarxerciseDemoApp", "AarxerciseDemoApp\AarxerciseDemoApp.csproj", "{9D5B0031-C930-4FF3-9669-D09724BF16C8}"
EndProject
Project("{FAE04EC0-301F-11D3-BF4B-00C04F79EFBC}") = "ManagedAarxercise", "ManagedAarxercise\ManagedAarxercise.csproj", "{575ABA0A-7B38-4E3A-B3DA-E245164887BA}"
EndProject
Project("{FAE04EC0-301F-11D3-BF4B-00C04F79EFBC}") = "NoSupportApp", "NoSupportApp\NoSupportApp.csproj", "{5FDC6E16-4F4B-4788-A86F-C80F1B0B4D50}"
EndProject
Project("{FAE04EC0-301F-11D3-BF4B-00C04F79EFBC}") = "BabySteps", "BabySteps\BabySteps.csproj", "{AE9412FB-459A-4DB8-82C1-987147DB4F5A}"
EndProject
Global
	GlobalSection(SolutionConfigurationPlatforms) = preSolution
		Debug|Any CPU = Debug|Any CPU
		Release|Any CPU = Release|Any CPU
	EndGlobalSection
	GlobalSection(ProjectConfigurationPlatforms) = postSolution
		{A387F7E5-9BD1-40F7-A748-96BF84702F3B}.Debug|Any CPU.ActiveCfg = Debug|Any CPU
		{A387F7E5-9BD1-40F7-A748-96BF84702F3B}.Debug|Any CPU.Build.0 = Debug|Any CPU
		{A387F7E5-9BD1-40F7-A748-96BF84702F3B}.Release|Any CPU.ActiveCfg = Release|Any CPU
		{A387F7E5-9BD1-40F7-A748-96BF84702F3B}.Release|Any CPU.Build.0 = Release|Any CPU
		{9D5B0031-C930-4FF3-9669-D09724BF16C8}.Debug|Any CPU.ActiveCfg = Debug|Any CPU
		{9D5B0031-C930-4FF3-9669-D09724BF16C8}.Debug|Any CPU.Build.0 = Debug|Any CPU
		{9D5B0031-C930-4FF3-9669-D09724BF16C8}.Debug|Any CPU.Deploy.0 = Debug|Any CPU
		{9D5B0031-C930-4FF3-9669-D09724BF16C8}.Release|Any CPU.ActiveCfg = Release|Any CPU
		{9D5B0031-C930-4FF3-9669-D09724BF16C8}.Release|Any CPU.Build.0 = Release|Any CPU
		{9D5B0031-C930-4FF3-9669-D09724BF16C8}.Release|Any CPU.Deploy.0 = Release|Any CPU
		{575ABA0A-7B38-4E3A-B3DA-E245164887BA}.Debug|Any CPU.ActiveCfg = Debug|Any CPU
		{575ABA0A-7B38-4E3A-B3DA-E245164887BA}.Debug|Any CPU.Build.0 = Debug|Any CPU
		{575ABA0A-7B38-4E3A-B3DA-E245164887BA}.Release|Any CPU.ActiveCfg = Release|Any CPU
		{575ABA0A-7B38-4E3A-B3DA-E245164887BA}.Release|Any CPU.Build.0 = Release|Any CPU
		{5FDC6E16-4F4B-4788-A86F-C80F1B0B4D50}.Debug|Any CPU.ActiveCfg = Debug|Any CPU
		{5FDC6E16-4F4B-4788-A86F-C80F1B0B4D50}.Debug|Any CPU.Build.0 = Debug|Any CPU
		{5FDC6E16-4F4B-4788-A86F-C80F1B0B4D50}.Debug|Any CPU.Deploy.0 = Debug|Any CPU
		{5FDC6E16-4F4B-4788-A86F-C80F1B0B4D50}.Release|Any CPU.ActiveCfg = Release|Any CPU
		{5FDC6E16-4F4B-4788-A86F-C80F1B0B4D50}.Release|Any CPU.Build.0 = Release|Any CPU
		{5FDC6E16-4F4B-4788-A86F-C80F1B0B4D50}.Release|Any CPU.Deploy.0 = Release|Any CPU
		{AE9412FB-459A-4DB8-82C1-987147DB4F5A}.Debug|Any CPU.ActiveCfg = Debug|Any CPU
		{AE9412FB-459A-4DB8-82C1-987147DB4F5A}.Debug|Any CPU.Build.0 = Debug|Any CPU
		{AE9412FB-459A-4DB8-82C1-987147DB4F5A}.Debug|Any CPU.Deploy.0 = Debug|Any CPU
		{AE9412FB-459A-4DB8-82C1-987147DB4F5A}.Release|Any CPU.ActiveCfg = Release|Any CPU
		{AE9412FB-459A-4DB8-82C1-987147DB4F5A}.Release|Any CPU.Build.0 = Release|Any CPU
		{AE9412FB-459A-4DB8-82C1-987147DB4F5A}.Release|Any CPU.Deploy.0 = Release|Any CPU
	EndGlobalSection
	GlobalSection(SolutionProperties) = preSolution
		HideSolutionNode = FALSE
	EndGlobalSection
	GlobalSection(ExtensibilityGlobals) = postSolution
		SolutionGuid = {AB5534D7-1AF3-4311-9144-7FBE7ADF5652}
	EndGlobalSection
EndGlobal
