
Microsoft Visual Studio Solution File, Format Version 12.00
# Visual Studio Version 16
VisualStudioVersion = 16.0.28606.126
MinimumVisualStudioVersion = 10.0.40219.1
Project("{FAE04EC0-301F-11D3-BF4B-00C04F79EFBC}") = "Aarxercise", "Aarxercise\Aarxercise.csproj", "{A387F7E5-9BD1-40F7-A748-96BF84702F3B}"
EndProject
Project("{FAE04EC0-301F-11D3-BF4B-00C04F79EFBC}") = "AarxerciseDemoApp", "AarxerciseDemoApp\AarxerciseDemoApp.csproj", "{9D5B0031-C930-4FF3-9669-D09724BF16C8}"
EndProject
Project("{FAE04EC0-301F-11D3-BF4B-00C04F79EFBC}") = "ManagedAarxercise", "ManagedAarxercise\ManagedAarxercise.csproj", "{575ABA0A-7B38-4E3A-B3DA-E245164887BA}"
EndProject
Project("{FAE04EC0-301F-11D3-BF4B-00C04F79EFBC}") = "NoSupportApp", "NoSupportApp\NoSupportApp.csproj", "{5FDC6E16-4F4B-4788-A86F-C80F1B0B4D50}"
EndProject
Project("{FAE04EC0-301F-11D3-BF4B-00C04F79EFBC}") = "BabySteps", "BabySteps\BabySteps.csproj", "{AE9412FB-459A-4DB8-82C1-987147DB4F5A}"
EndProject
Project("{FAE04EC0-301F-11D3-BF4B-00C04F79EFBC}") = "Hackathon", "Hackathon\Hackathon.csproj", "{4BCA87DF-8710-49A0-8135-043A8CB63E1E}"
EndProject
Project("{2150E333-8FDC-42A3-9474-1A3956D46DE8}") = "Aarxercise", "Aarxercise", "{14A0FBF2-A62F-4BF8-994D-99F42BD94249}"
EndProject
Project("{2150E333-8FDC-42A3-9474-1A3956D46DE8}") = "BabySteps", "BabySteps", "{B05F385B-1A76-461E-8EF1-C01CE1A7591C}"
EndProject
Project("{FAE04EC0-301F-11D3-BF4B-00C04F79EFBC}") = "BabyStepsLib", "BabyStepsLib\BabyStepsLib.csproj", "{32BC8516-B224-4E61-B820-DF728A720DA4}"
EndProject
Global
	GlobalSection(SolutionConfigurationPlatforms) = preSolution
		Debug|Any CPU = Debug|Any CPU
		Release|Any CPU = Release|Any CPU
	EndGlobalSection
	GlobalSection(ProjectConfigurationPlatforms) = postSolution
		{A387F7E5-9BD1-40F7-A748-96BF84702F3B}.Debug|Any CPU.ActiveCfg = Debug|Any CPU
		{A387F7E5-9BD1-40F7-A748-96BF84702F3B}.Debug|Any CPU.Build.0 = Debug|Any CPU
		{A387F7E5-9BD1-40F7-A748-96BF84702F3B}.Release|Any CPU.ActiveCfg = Release|Any CPU
		{A387F7E5-9BD1-40F7-A748-96BF84702F3B}.Release|Any CPU.Build.0 = Release|Any CPU
		{9D5B0031-C930-4FF3-9669-D09724BF16C8}.Debug|Any CPU.ActiveCfg = Debug|Any CPU
		{9D5B0031-C930-4FF3-9669-D09724BF16C8}.Debug|Any CPU.Build.0 = Debug|Any CPU
		{9D5B0031-C930-4FF3-9669-D09724BF16C8}.Debug|Any CPU.Deploy.0 = Debug|Any CPU
		{9D5B0031-C930-4FF3-9669-D09724BF16C8}.Release|Any CPU.ActiveCfg = Release|Any CPU
		{9D5B0031-C930-4FF3-9669-D09724BF16C8}.Release|Any CPU.Build.0 = Release|Any CPU
		{9D5B0031-C930-4FF3-9669-D09724BF16C8}.Release|Any CPU.Deploy.0 = Release|Any CPU
		{575ABA0A-7B38-4E3A-B3DA-E245164887BA}.Debug|Any CPU.ActiveCfg = Debug|Any CPU
		{575ABA0A-7B38-4E3A-B3DA-E245164887BA}.Debug|Any CPU.Build.0 = Debug|Any CPU
		{575ABA0A-7B38-4E3A-B3DA-E245164887BA}.Release|Any CPU.ActiveCfg = Release|Any CPU
		{575ABA0A-7B38-4E3A-B3DA-E245164887BA}.Release|Any CPU.Build.0 = Release|Any CPU
		{5FDC6E16-4F4B-4788-A86F-C80F1B0B4D50}.Debug|Any CPU.ActiveCfg = Debug|Any CPU
		{5FDC6E16-4F4B-4788-A86F-C80F1B0B4D50}.Debug|Any CPU.Build.0 = Debug|Any CPU
		{5FDC6E16-4F4B-4788-A86F-C80F1B0B4D50}.Debug|Any CPU.Deploy.0 = Debug|Any CPU
		{5FDC6E16-4F4B-4788-A86F-C80F1B0B4D50}.Release|Any CPU.ActiveCfg = Release|Any CPU
		{5FDC6E16-4F4B-4788-A86F-C80F1B0B4D50}.Release|Any CPU.Build.0 = Release|Any CPU
		{5FDC6E16-4F4B-4788-A86F-C80F1B0B4D50}.Release|Any CPU.Deploy.0 = Release|Any CPU
		{AE9412FB-459A-4DB8-82C1-987147DB4F5A}.Debug|Any CPU.ActiveCfg = Debug|Any CPU
		{AE9412FB-459A-4DB8-82C1-987147DB4F5A}.Debug|Any CPU.Build.0 = Debug|Any CPU
		{AE9412FB-459A-4DB8-82C1-987147DB4F5A}.Debug|Any CPU.Deploy.0 = Debug|Any CPU
		{AE9412FB-459A-4DB8-82C1-987147DB4F5A}.Release|Any CPU.ActiveCfg = Release|Any CPU
		{AE9412FB-459A-4DB8-82C1-987147DB4F5A}.Release|Any CPU.Build.0 = Release|Any CPU
		{AE9412FB-459A-4DB8-82C1-987147DB4F5A}.Release|Any CPU.Deploy.0 = Release|Any CPU
		{4BCA87DF-8710-49A0-8135-043A8CB63E1E}.Debug|Any CPU.ActiveCfg = Debug|Any CPU
		{4BCA87DF-8710-49A0-8135-043A8CB63E1E}.Debug|Any CPU.Build.0 = Debug|Any CPU
		{4BCA87DF-8710-49A0-8135-043A8CB63E1E}.Release|Any CPU.ActiveCfg = Release|Any CPU
		{4BCA87DF-8710-49A0-8135-043A8CB63E1E}.Release|Any CPU.Build.0 = Release|Any CPU
		{32BC8516-B224-4E61-B820-DF728A720DA4}.Debug|Any CPU.ActiveCfg = Debug|Any CPU
		{32BC8516-B224-4E61-B820-DF728A720DA4}.Debug|Any CPU.Build.0 = Debug|Any CPU
		{32BC8516-B224-4E61-B820-DF728A720DA4}.Release|Any CPU.ActiveCfg = Release|Any CPU
		{32BC8516-B224-4E61-B820-DF728A720DA4}.Release|Any CPU.Build.0 = Release|Any CPU
	EndGlobalSection
	GlobalSection(SolutionProperties) = preSolution
		HideSolutionNode = FALSE
	EndGlobalSection
	GlobalSection(NestedProjects) = preSolution
		{A387F7E5-9BD1-40F7-A748-96BF84702F3B} = {14A0FBF2-A62F-4BF8-994D-99F42BD94249}
		{9D5B0031-C930-4FF3-9669-D09724BF16C8} = {14A0FBF2-A62F-4BF8-994D-99F42BD94249}
		{575ABA0A-7B38-4E3A-B3DA-E245164887BA} = {14A0FBF2-A62F-4BF8-994D-99F42BD94249}
		{AE9412FB-459A-4DB8-82C1-987147DB4F5A} = {B05F385B-1A76-461E-8EF1-C01CE1A7591C}
		{32BC8516-B224-4E61-B820-DF728A720DA4} = {B05F385B-1A76-461E-8EF1-C01CE1A7591C}
	EndGlobalSection
	GlobalSection(ExtensibilityGlobals) = postSolution
		SolutionGuid = {AB5534D7-1AF3-4311-9144-7FBE7ADF5652}
	EndGlobalSection
EndGlobal
