
Microsoft Visual Studio Solution File, Format Version 12.00
# Visual Studio Version 16
VisualStudioVersion = 16.0.28606.126
MinimumVisualStudioVersion = 10.0.40219.1
Project("{FAE04EC0-301F-11D3-BF4B-00C04F79EFBC}") = "Hackathon", "Hackathon\Hackathon.csproj", "{4BCA87DF-8710-49A0-8135-043A8CB63E1E}"
EndProject
Project("{FAE04EC0-301F-11D3-BF4B-00C04F79EFBC}") = "ManagedAarxercise", "ManagedAarxercise\ManagedAarxercise.csproj", "{575ABA0A-7B38-4E3A-B3DA-E245164887BA}"
EndProject
Global
	GlobalSection(SolutionConfigurationPlatforms) = preSolution
		Debug|Any CPU = Debug|Any CPU
		Release|Any CPU = Release|Any CPU
	EndGlobalSection
	GlobalSection(ProjectConfigurationPlatforms) = postSolution
		{4BCA87DF-8710-49A0-8135-043A8CB63E1E}.Debug|Any CPU.ActiveCfg = Debug|Any CPU
		{4BCA87DF-8710-49A0-8135-043A8CB63E1E}.Debug|Any CPU.Build.0 = Debug|Any CPU
		{4BCA87DF-8710-49A0-8135-043A8CB63E1E}.Release|Any CPU.ActiveCfg = Release|Any CPU
		{4BCA87DF-8710-49A0-8135-043A8CB63E1E}.Release|Any CPU.Build.0 = Release|Any CPU
		{575ABA0A-7B38-4E3A-B3DA-E245164887BA}.Debug|Any CPU.ActiveCfg = Debug|Any CPU
		{575ABA0A-7B38-4E3A-B3DA-E245164887BA}.Debug|Any CPU.Build.0 = Debug|Any CPU
		{575ABA0A-7B38-4E3A-B3DA-E245164887BA}.Release|Any CPU.ActiveCfg = Release|Any CPU
		{575ABA0A-7B38-4E3A-B3DA-E245164887BA}.Release|Any CPU.Build.0 = Release|Any CPU
	EndGlobalSection
	GlobalSection(SolutionProperties) = preSolution
		HideSolutionNode = FALSE
	EndGlobalSection
	GlobalSection(ExtensibilityGlobals) = postSolution
		SolutionGuid = {5A41B5B8-FCAB-4841-B5FB-8A851B5E51C0}
	EndGlobalSection
EndGlobal
